
Microsoft Visual Studio Solution File, Format Version 12.00
# Visual Studio Version 16
VisualStudioVersion = 25.0.1704.4
MinimumVisualStudioVersion = 10.0.40219.1
Project("{FAE04EC0-301F-11D3-BF4B-00C04F79EFBC}") = "It3", "It3\It3.csproj", "{9BB8A800-89F5-4FC1-9ECD-C08C4DBCEE3B}"
EndProject
Global
	GlobalSection(SolutionConfigurationPlatforms) = preSolution
		Debug|Any CPU = Debug|Any CPU
		Release|Any CPU = Release|Any CPU
	EndGlobalSection
	GlobalSection(ProjectConfigurationPlatforms) = postSolution
		{9BB8A800-89F5-4FC1-9ECD-C08C4DBCEE3B}.Debug|Any CPU.ActiveCfg = Debug|Any CPU
		{9BB8A800-89F5-4FC1-9ECD-C08C4DBCEE3B}.Debug|Any CPU.Build.0 = Debug|Any CPU
		{9BB8A800-89F5-4FC1-9ECD-C08C4DBCEE3B}.Release|Any CPU.ActiveCfg = Release|Any CPU
		{9BB8A800-89F5-4FC1-9ECD-C08C4DBCEE3B}.Release|Any CPU.Build.0 = Release|Any CPU
	EndGlobalSection
	GlobalSection(SolutionProperties) = preSolution
		HideSolutionNode = FALSE
	EndGlobalSection
	GlobalSection(ExtensibilityGlobals) = postSolution
		SolutionGuid = {4D3E9367-B740-4FD4-B6E3-DA8ABB9A9F54}
	EndGlobalSection
EndGlobal
